// !$*UTF8*$!
{
	archiveVersion = 1;
	classes = {
	};
	objectVersion = 55;
	objects = {

/* Begin PBXBuildFile section */
		134B34EF27D2405D00B29CE6 /* AppDelegate.swift in Sources */ = {isa = PBXBuildFile; fileRef = 134B34EE27D2405D00B29CE6 /* AppDelegate.swift */; };
		134B34F127D2405D00B29CE6 /* SceneDelegate.swift in Sources */ = {isa = PBXBuildFile; fileRef = 134B34F027D2405D00B29CE6 /* SceneDelegate.swift */; };
		134B34F327D2405D00B29CE6 /* WeatherListViewController.swift in Sources */ = {isa = PBXBuildFile; fileRef = 134B34F227D2405D00B29CE6 /* WeatherListViewController.swift */; };
		134B34F827D2406000B29CE6 /* Assets.xcassets in Resources */ = {isa = PBXBuildFile; fileRef = 134B34F727D2406000B29CE6 /* Assets.xcassets */; };
		134B34FB27D2406000B29CE6 /* LaunchScreen.storyboard in Resources */ = {isa = PBXBuildFile; fileRef = 134B34F927D2406000B29CE6 /* LaunchScreen.storyboard */; };
		134B350327D2421200B29CE6 /* ApiService.swift in Sources */ = {isa = PBXBuildFile; fileRef = 134B350227D2421200B29CE6 /* ApiService.swift */; };
		134B350527D2422200B29CE6 /* WeatherModel.swift in Sources */ = {isa = PBXBuildFile; fileRef = 134B350427D2422200B29CE6 /* WeatherModel.swift */; };
		134B350727D2423500B29CE6 /* WeatherViewModel.swift in Sources */ = {isa = PBXBuildFile; fileRef = 134B350627D2423500B29CE6 /* WeatherViewModel.swift */; };
		134B350927D2424500B29CE6 /* WeatherTableViewCell.swift in Sources */ = {isa = PBXBuildFile; fileRef = 134B350827D2424500B29CE6 /* WeatherTableViewCell.swift */; };
		134B350B27D2425D00B29CE6 /* WeatherView.swift in Sources */ = {isa = PBXBuildFile; fileRef = 134B350A27D2425D00B29CE6 /* WeatherView.swift */; };
		1397698E27D793D400CC403B /* ConvertTemp.swift in Sources */ = {isa = PBXBuildFile; fileRef = 1397698D27D793D400CC403B /* ConvertTemp.swift */; };
		13C2E73C27D63E1F00601311 /* WeatherMapViewController.swift in Sources */ = {isa = PBXBuildFile; fileRef = 13C2E73B27D63E1F00601311 /* WeatherMapViewController.swift */; };
		13C2E73E27D655F500601311 /* LocationManager.swift in Sources */ = {isa = PBXBuildFile; fileRef = 13C2E73D27D655F500601311 /* LocationManager.swift */; };
/* End PBXBuildFile section */

/* Begin PBXFileReference section */
		134B34EB27D2405D00B29CE6 /* Weather.app */ = {isa = PBXFileReference; explicitFileType = wrapper.application; includeInIndex = 0; path = Weather.app; sourceTree = BUILT_PRODUCTS_DIR; };
		134B34EE27D2405D00B29CE6 /* AppDelegate.swift */ = {isa = PBXFileReference; lastKnownFileType = sourcecode.swift; path = AppDelegate.swift; sourceTree = "<group>"; };
		134B34F027D2405D00B29CE6 /* SceneDelegate.swift */ = {isa = PBXFileReference; lastKnownFileType = sourcecode.swift; path = SceneDelegate.swift; sourceTree = "<group>"; };
		134B34F227D2405D00B29CE6 /* WeatherListViewController.swift */ = {isa = PBXFileReference; lastKnownFileType = sourcecode.swift; path = WeatherListViewController.swift; sourceTree = "<group>"; };
		134B34F727D2406000B29CE6 /* Assets.xcassets */ = {isa = PBXFileReference; lastKnownFileType = folder.assetcatalog; path = Assets.xcassets; sourceTree = "<group>"; };
		134B34FA27D2406000B29CE6 /* Base */ = {isa = PBXFileReference; lastKnownFileType = file.storyboard; name = Base; path = Base.lproj/LaunchScreen.storyboard; sourceTree = "<group>"; };
		134B34FC27D2406000B29CE6 /* Info.plist */ = {isa = PBXFileReference; lastKnownFileType = text.plist.xml; path = Info.plist; sourceTree = "<group>"; };
		134B350227D2421200B29CE6 /* ApiService.swift */ = {isa = PBXFileReference; lastKnownFileType = sourcecode.swift; path = ApiService.swift; sourceTree = "<group>"; };
		134B350427D2422200B29CE6 /* WeatherModel.swift */ = {isa = PBXFileReference; lastKnownFileType = sourcecode.swift; path = WeatherModel.swift; sourceTree = "<group>"; };
		134B350627D2423500B29CE6 /* WeatherViewModel.swift */ = {isa = PBXFileReference; lastKnownFileType = sourcecode.swift; path = WeatherViewModel.swift; sourceTree = "<group>"; };
		134B350827D2424500B29CE6 /* WeatherTableViewCell.swift */ = {isa = PBXFileReference; lastKnownFileType = sourcecode.swift; path = WeatherTableViewCell.swift; sourceTree = "<group>"; };
		134B350A27D2425D00B29CE6 /* WeatherView.swift */ = {isa = PBXFileReference; lastKnownFileType = sourcecode.swift; path = WeatherView.swift; sourceTree = "<group>"; };
		1397698D27D793D400CC403B /* ConvertTemp.swift */ = {isa = PBXFileReference; lastKnownFileType = sourcecode.swift; path = ConvertTemp.swift; sourceTree = "<group>"; };
		13C2E73B27D63E1F00601311 /* WeatherMapViewController.swift */ = {isa = PBXFileReference; lastKnownFileType = sourcecode.swift; path = WeatherMapViewController.swift; sourceTree = "<group>"; };
		13C2E73D27D655F500601311 /* LocationManager.swift */ = {isa = PBXFileReference; lastKnownFileType = sourcecode.swift; path = LocationManager.swift; sourceTree = "<group>"; };
/* End PBXFileReference section */

/* Begin PBXFrameworksBuildPhase section */
		134B34E827D2405D00B29CE6 /* Frameworks */ = {
			isa = PBXFrameworksBuildPhase;
			buildActionMask = 2147483647;
			files = (
			);
			runOnlyForDeploymentPostprocessing = 0;
		};
/* End PBXFrameworksBuildPhase section */

/* Begin PBXGroup section */
		130A15B027D7BCF200C352C8 /* Controller */ = {
			isa = PBXGroup;
			children = (
				134B34F227D2405D00B29CE6 /* WeatherListViewController.swift */,
				13C2E73B27D63E1F00601311 /* WeatherMapViewController.swift */,
			);
			path = Controller;
			sourceTree = "<group>";
		};
		134B34E227D2405D00B29CE6 = {
			isa = PBXGroup;
			children = (
				134B34ED27D2405D00B29CE6 /* Weather */,
				134B34EC27D2405D00B29CE6 /* Products */,
			);
			sourceTree = "<group>";
		};
		134B34EC27D2405D00B29CE6 /* Products */ = {
			isa = PBXGroup;
			children = (
				134B34EB27D2405D00B29CE6 /* Weather.app */,
			);
			name = Products;
			sourceTree = "<group>";
		};
		134B34ED27D2405D00B29CE6 /* Weather */ = {
			isa = PBXGroup;
			children = (
				1397698D27D793D400CC403B /* ConvertTemp.swift */,
				13C2E73D27D655F500601311 /* LocationManager.swift */,
				134B350C27D2435B00B29CE6 /* Networking */,
				134B350D27D2436C00B29CE6 /* Model */,
				134B350F27D2437100B29CE6 /* ViewModel */,
				134B350E27D2436E00B29CE6 /* View */,
				130A15B027D7BCF200C352C8 /* Controller */,
				134B34EE27D2405D00B29CE6 /* AppDelegate.swift */,
				134B34F027D2405D00B29CE6 /* SceneDelegate.swift */,
				134B34F727D2406000B29CE6 /* Assets.xcassets */,
				134B34F927D2406000B29CE6 /* LaunchScreen.storyboard */,
				134B34FC27D2406000B29CE6 /* Info.plist */,
			);
			path = Weather;
			sourceTree = "<group>";
		};
		134B350C27D2435B00B29CE6 /* Networking */ = {
			isa = PBXGroup;
			children = (
				134B350227D2421200B29CE6 /* ApiService.swift */,
			);
			path = Networking;
			sourceTree = "<group>";
		};
		134B350D27D2436C00B29CE6 /* Model */ = {
			isa = PBXGroup;
			children = (
				134B350427D2422200B29CE6 /* WeatherModel.swift */,
			);
			path = Model;
			sourceTree = "<group>";
		};
		134B350E27D2436E00B29CE6 /* View */ = {
			isa = PBXGroup;
			children = (
				134B350827D2424500B29CE6 /* WeatherTableViewCell.swift */,
				134B350A27D2425D00B29CE6 /* WeatherView.swift */,
			);
			path = View;
			sourceTree = "<group>";
		};
		134B350F27D2437100B29CE6 /* ViewModel */ = {
			isa = PBXGroup;
			children = (
				134B350627D2423500B29CE6 /* WeatherViewModel.swift */,
			);
			path = ViewModel;
			sourceTree = "<group>";
		};
/* End PBXGroup section */

/* Begin PBXNativeTarget section */
		134B34EA27D2405D00B29CE6 /* Weather */ = {
			isa = PBXNativeTarget;
			buildConfigurationList = 134B34FF27D2406000B29CE6 /* Build configuration list for PBXNativeTarget "Weather" */;
			buildPhases = (
				134B34E727D2405D00B29CE6 /* Sources */,
				134B34E827D2405D00B29CE6 /* Frameworks */,
				134B34E927D2405D00B29CE6 /* Resources */,
			);
			buildRules = (
			);
			dependencies = (
			);
			name = Weather;
			productName = Weather;
			productReference = 134B34EB27D2405D00B29CE6 /* Weather.app */;
			productType = "com.apple.product-type.application";
		};
/* End PBXNativeTarget section */

/* Begin PBXProject section */
		134B34E327D2405D00B29CE6 /* Project object */ = {
			isa = PBXProject;
			attributes = {
				BuildIndependentTargetsInParallel = 1;
				LastSwiftUpdateCheck = 1320;
				LastUpgradeCheck = 1320;
				TargetAttributes = {
					134B34EA27D2405D00B29CE6 = {
						CreatedOnToolsVersion = 13.2.1;
					};
				};
			};
			buildConfigurationList = 134B34E627D2405D00B29CE6 /* Build configuration list for PBXProject "Weather" */;
			compatibilityVersion = "Xcode 13.0";
			developmentRegion = en;
			hasScannedForEncodings = 0;
			knownRegions = (
				en,
				Base,
			);
			mainGroup = 134B34E227D2405D00B29CE6;
			productRefGroup = 134B34EC27D2405D00B29CE6 /* Products */;
			projectDirPath = "";
			projectRoot = "";
			targets = (
				134B34EA27D2405D00B29CE6 /* Weather */,
			);
		};
/* End PBXProject section */

/* Begin PBXResourcesBuildPhase section */
		134B34E927D2405D00B29CE6 /* Resources */ = {
			isa = PBXResourcesBuildPhase;
			buildActionMask = 2147483647;
			files = (
				134B34FB27D2406000B29CE6 /* LaunchScreen.storyboard in Resources */,
				134B34F827D2406000B29CE6 /* Assets.xcassets in Resources */,
			);
			runOnlyForDeploymentPostprocessing = 0;
		};
/* End PBXResourcesBuildPhase section */

/* Begin PBXSourcesBuildPhase section */
		134B34E727D2405D00B29CE6 /* Sources */ = {
			isa = PBXSourcesBuildPhase;
			buildActionMask = 2147483647;
			files = (
				134B34F327D2405D00B29CE6 /* WeatherListViewController.swift in Sources */,
				134B350727D2423500B29CE6 /* WeatherViewModel.swift in Sources */,
				1397698E27D793D400CC403B /* ConvertTemp.swift in Sources */,
				13C2E73E27D655F500601311 /* LocationManager.swift in Sources */,
				134B350927D2424500B29CE6 /* WeatherTableViewCell.swift in Sources */,
				134B34EF27D2405D00B29CE6 /* AppDelegate.swift in Sources */,
				134B350327D2421200B29CE6 /* ApiService.swift in Sources */,
				13C2E73C27D63E1F00601311 /* WeatherMapViewController.swift in Sources */,
				134B34F127D2405D00B29CE6 /* SceneDelegate.swift in Sources */,
				134B350527D2422200B29CE6 /* WeatherModel.swift in Sources */,
				134B350B27D2425D00B29CE6 /* WeatherView.swift in Sources */,
			);
			runOnlyForDeploymentPostprocessing = 0;
		};
/* End PBXSourcesBuildPhase section */

/* Begin PBXVariantGroup section */
		134B34F927D2406000B29CE6 /* LaunchScreen.storyboard */ = {
			isa = PBXVariantGroup;
			children = (
				134B34FA27D2406000B29CE6 /* Base */,
			);
			name = LaunchScreen.storyboard;
			sourceTree = "<group>";
		};
/* End PBXVariantGroup section */

/* Begin XCBuildConfiguration section */
		134B34FD27D2406000B29CE6 /* Debug */ = {
			isa = XCBuildConfiguration;
			buildSettings = {
				ALWAYS_SEARCH_USER_PATHS = NO;
				CLANG_ANALYZER_NONNULL = YES;
				CLANG_ANALYZER_NUMBER_OBJECT_CONVERSION = YES_AGGRESSIVE;
				CLANG_CXX_LANGUAGE_STANDARD = "gnu++17";
				CLANG_CXX_LIBRARY = "libc++";
				CLANG_ENABLE_MODULES = YES;
				CLANG_ENABLE_OBJC_ARC = YES;
				CLANG_ENABLE_OBJC_WEAK = YES;
				CLANG_WARN_BLOCK_CAPTURE_AUTORELEASING = YES;
				CLANG_WARN_BOOL_CONVERSION = YES;
				CLANG_WARN_COMMA = YES;
				CLANG_WARN_CONSTANT_CONVERSION = YES;
				CLANG_WARN_DEPRECATED_OBJC_IMPLEMENTATIONS = YES;
				CLANG_WARN_DIRECT_OBJC_ISA_USAGE = YES_ERROR;
				CLANG_WARN_DOCUMENTATION_COMMENTS = YES;
				CLANG_WARN_EMPTY_BODY = YES;
				CLANG_WARN_ENUM_CONVERSION = YES;
				CLANG_WARN_INFINITE_RECURSION = YES;
				CLANG_WARN_INT_CONVERSION = YES;
				CLANG_WARN_NON_LITERAL_NULL_CONVERSION = YES;
				CLANG_WARN_OBJC_IMPLICIT_RETAIN_SELF = YES;
				CLANG_WARN_OBJC_LITERAL_CONVERSION = YES;
				CLANG_WARN_OBJC_ROOT_CLASS = YES_ERROR;
				CLANG_WARN_QUOTED_INCLUDE_IN_FRAMEWORK_HEADER = YES;
				CLANG_WARN_RANGE_LOOP_ANALYSIS = YES;
				CLANG_WARN_STRICT_PROTOTYPES = YES;
				CLANG_WARN_SUSPICIOUS_MOVE = YES;
				CLANG_WARN_UNGUARDED_AVAILABILITY = YES_AGGRESSIVE;
				CLANG_WARN_UNREACHABLE_CODE = YES;
				CLANG_WARN__DUPLICATE_METHOD_MATCH = YES;
				COPY_PHASE_STRIP = NO;
				DEBUG_INFORMATION_FORMAT = dwarf;
				ENABLE_STRICT_OBJC_MSGSEND = YES;
				ENABLE_TESTABILITY = YES;
				GCC_C_LANGUAGE_STANDARD = gnu11;
				GCC_DYNAMIC_NO_PIC = NO;
				GCC_NO_COMMON_BLOCKS = YES;
				GCC_OPTIMIZATION_LEVEL = 0;
				GCC_PREPROCESSOR_DEFINITIONS = (
					"DEBUG=1",
					"$(inherited)",
				);
				GCC_WARN_64_TO_32_BIT_CONVERSION = YES;
				GCC_WARN_ABOUT_RETURN_TYPE = YES_ERROR;
				GCC_WARN_UNDECLARED_SELECTOR = YES;
				GCC_WARN_UNINITIALIZED_AUTOS = YES_AGGRESSIVE;
				GCC_WARN_UNUSED_FUNCTION = YES;
				GCC_WARN_UNUSED_VARIABLE = YES;
				IPHONEOS_DEPLOYMENT_TARGET = 15.2;
				MTL_ENABLE_DEBUG_INFO = INCLUDE_SOURCE;
				MTL_FAST_MATH = YES;
				ONLY_ACTIVE_ARCH = YES;
				SDKROOT = iphoneos;
				SWIFT_ACTIVE_COMPILATION_CONDITIONS = DEBUG;
				SWIFT_OPTIMIZATION_LEVEL = "-Onone";
			};
			name = Debug;
		};
		134B34FE27D2406000B29CE6 /* Release */ = {
			isa = XCBuildConfiguration;
			buildSettings = {
				ALWAYS_SEARCH_USER_PATHS = NO;
				CLANG_ANALYZER_NONNULL = YES;
				CLANG_ANALYZER_NUMBER_OBJECT_CONVERSION = YES_AGGRESSIVE;
				CLANG_CXX_LANGUAGE_STANDARD = "gnu++17";
				CLANG_CXX_LIBRARY = "libc++";
				CLANG_ENABLE_MODULES = YES;
				CLANG_ENABLE_OBJC_ARC = YES;
				CLANG_ENABLE_OBJC_WEAK = YES;
				CLANG_WARN_BLOCK_CAPTURE_AUTORELEASING = YES;
				CLANG_WARN_BOOL_CONVERSION = YES;
				CLANG_WARN_COMMA = YES;
				CLANG_WARN_CONSTANT_CONVERSION = YES;
				CLANG_WARN_DEPRECATED_OBJC_IMPLEMENTATIONS = YES;
				CLANG_WARN_DIRECT_OBJC_ISA_USAGE = YES_ERROR;
				CLANG_WARN_DOCUMENTATION_COMMENTS = YES;
				CLANG_WARN_EMPTY_BODY = YES;
				CLANG_WARN_ENUM_CONVERSION = YES;
				CLANG_WARN_INFINITE_RECURSION = YES;
				CLANG_WARN_INT_CONVERSION = YES;
				CLANG_WARN_NON_LITERAL_NULL_CONVERSION = YES;
				CLANG_WARN_OBJC_IMPLICIT_RETAIN_SELF = YES;
				CLANG_WARN_OBJC_LITERAL_CONVERSION = YES;
				CLANG_WARN_OBJC_ROOT_CLASS = YES_ERROR;
				CLANG_WARN_QUOTED_INCLUDE_IN_FRAMEWORK_HEADER = YES;
				CLANG_WARN_RANGE_LOOP_ANALYSIS = YES;
				CLANG_WARN_STRICT_PROTOTYPES = YES;
				CLANG_WARN_SUSPICIOUS_MOVE = YES;
				CLANG_WARN_UNGUARDED_AVAILABILITY = YES_AGGRESSIVE;
				CLANG_WARN_UNREACHABLE_CODE = YES;
				CLANG_WARN__DUPLICATE_METHOD_MATCH = YES;
				COPY_PHASE_STRIP = NO;
				DEBUG_INFORMATION_FORMAT = "dwarf-with-dsym";
				ENABLE_NS_ASSERTIONS = NO;
				ENABLE_STRICT_OBJC_MSGSEND = YES;
				GCC_C_LANGUAGE_STANDARD = gnu11;
				GCC_NO_COMMON_BLOCKS = YES;
				GCC_WARN_64_TO_32_BIT_CONVERSION = YES;
				GCC_WARN_ABOUT_RETURN_TYPE = YES_ERROR;
				GCC_WARN_UNDECLARED_SELECTOR = YES;
				GCC_WARN_UNINITIALIZED_AUTOS = YES_AGGRESSIVE;
				GCC_WARN_UNUSED_FUNCTION = YES;
				GCC_WARN_UNUSED_VARIABLE = YES;
				IPHONEOS_DEPLOYMENT_TARGET = 15.2;
				MTL_ENABLE_DEBUG_INFO = NO;
				MTL_FAST_MATH = YES;
				SDKROOT = iphoneos;
				SWIFT_COMPILATION_MODE = wholemodule;
				SWIFT_OPTIMIZATION_LEVEL = "-O";
				VALIDATE_PRODUCT = YES;
			};
			name = Release;
		};
		134B350027D2406000B29CE6 /* Debug */ = {
			isa = XCBuildConfiguration;
			buildSettings = {
				ASSETCATALOG_COMPILER_APPICON_NAME = AppIcon;
				ASSETCATALOG_COMPILER_GLOBAL_ACCENT_COLOR_NAME = AccentColor;
				CODE_SIGN_STYLE = Automatic;
				CURRENT_PROJECT_VERSION = 1;
				DEVELOPMENT_TEAM = 63T8PTV9GL;
				GENERATE_INFOPLIST_FILE = YES;
				INFOPLIST_FILE = Weather/Info.plist;
				INFOPLIST_KEY_UIApplicationSupportsIndirectInputEvents = YES;
				INFOPLIST_KEY_UILaunchStoryboardName = LaunchScreen;
				INFOPLIST_KEY_UISupportedInterfaceOrientations_iPad = "UIInterfaceOrientationPortrait UIInterfaceOrientationPortraitUpsideDown UIInterfaceOrientationLandscapeLeft UIInterfaceOrientationLandscapeRight";
				INFOPLIST_KEY_UISupportedInterfaceOrientations_iPhone = "UIInterfaceOrientationPortrait UIInterfaceOrientationLandscapeLeft UIInterfaceOrientationLandscapeRight";
				LD_RUNPATH_SEARCH_PATHS = (
					"$(inherited)",
					"@executable_path/Frameworks",
				);
				MARKETING_VERSION = 1.0;
				PRODUCT_BUNDLE_IDENTIFIER = victor.Weather;
				PRODUCT_NAME = "$(TARGET_NAME)";
				SWIFT_EMIT_LOC_STRINGS = YES;
				SWIFT_VERSION = 5.0;
				TARGETED_DEVICE_FAMILY = "1,2";
			};
			name = Debug;
		};
		134B350127D2406000B29CE6 /* Release */ = {
			isa = XCBuildConfiguration;
			buildSettings = {
				ASSETCATALOG_COMPILER_APPICON_NAME = AppIcon;
				ASSETCATALOG_COMPILER_GLOBAL_ACCENT_COLOR_NAME = AccentColor;
				CODE_SIGN_STYLE = Automatic;
				CURRENT_PROJECT_VERSION = 1;
				DEVELOPMENT_TEAM = 63T8PTV9GL;
				GENERATE_INFOPLIST_FILE = YES;
				INFOPLIST_FILE = Weather/Info.plist;
				INFOPLIST_KEY_UIApplicationSupportsIndirectInputEvents = YES;
				INFOPLIST_KEY_UILaunchStoryboardName = LaunchScreen;
				INFOPLIST_KEY_UISupportedInterfaceOrientations_iPad = "UIInterfaceOrientationPortrait UIInterfaceOrientationPortraitUpsideDown UIInterfaceOrientationLandscapeLeft UIInterfaceOrientationLandscapeRight";
				INFOPLIST_KEY_UISupportedInterfaceOrientations_iPhone = "UIInterfaceOrientationPortrait UIInterfaceOrientationLandscapeLeft UIInterfaceOrientationLandscapeRight";
				LD_RUNPATH_SEARCH_PATHS = (
					"$(inherited)",
					"@executable_path/Frameworks",
				);
				MARKETING_VERSION = 1.0;
				PRODUCT_BUNDLE_IDENTIFIER = victor.Weather;
				PRODUCT_NAME = "$(TARGET_NAME)";
				SWIFT_EMIT_LOC_STRINGS = YES;
				SWIFT_VERSION = 5.0;
				TARGETED_DEVICE_FAMILY = "1,2";
			};
			name = Release;
		};
/* End XCBuildConfiguration section */

/* Begin XCConfigurationList section */
		134B34E627D2405D00B29CE6 /* Build configuration list for PBXProject "Weather" */ = {
			isa = XCConfigurationList;
			buildConfigurations = (
				134B34FD27D2406000B29CE6 /* Debug */,
				134B34FE27D2406000B29CE6 /* Release */,
			);
			defaultConfigurationIsVisible = 0;
			defaultConfigurationName = Release;
		};
		134B34FF27D2406000B29CE6 /* Build configuration list for PBXNativeTarget "Weather" */ = {
			isa = XCConfigurationList;
			buildConfigurations = (
				134B350027D2406000B29CE6 /* Debug */,
				134B350127D2406000B29CE6 /* Release */,
			);
			defaultConfigurationIsVisible = 0;
			defaultConfigurationName = Release;
		};
/* End XCConfigurationList section */
	};
	rootObject = 134B34E327D2405D00B29CE6 /* Project object */;
}
